
Microsoft Visual Studio Solution File, Format Version 12.00
# Visual Studio Version 17
VisualStudioVersion = 17.13.35931.197 d17.13
MinimumVisualStudioVersion = 10.0.40219.1
Project("{FAE04EC0-301F-11D3-BF4B-00C04F79EFBC}") = "WindowsFormsApp1", "WindowsFormsApp1\WindowsFormsApp1.csproj", "{68AB5D00-EDA4-433F-B342-F1078FD399CC}"
EndProject
Global
	GlobalSection(SolutionConfigurationPlatforms) = preSolution
		Debug|Any CPU = Debug|Any CPU
		Release|Any CPU = Release|Any CPU
	EndGlobalSection
	GlobalSection(ProjectConfigurationPlatforms) = postSolution
		{68AB5D00-EDA4-433F-B342-F1078FD399CC}.Debug|Any CPU.ActiveCfg = Debug|Any CPU
		{68AB5D00-EDA4-433F-B342-F1078FD399CC}.Debug|Any CPU.Build.0 = Debug|Any CPU
		{68AB5D00-EDA4-433F-B342-F1078FD399CC}.Release|Any CPU.ActiveCfg = Release|Any CPU
		{68AB5D00-EDA4-433F-B342-F1078FD399CC}.Release|Any CPU.Build.0 = Release|Any CPU
	EndGlobalSection
	GlobalSection(SolutionProperties) = preSolution
		HideSolutionNode = FALSE
	EndGlobalSection
	GlobalSection(ExtensibilityGlobals) = postSolution
		SolutionGuid = {34D2D093-925A-4295-90F7-99AD18FB2A3B}
	EndGlobalSection
EndGlobal
